
Microsoft Visual Studio Solution File, Format Version 12.00
# Visual Studio 15
VisualStudioVersion = 15.0.28307.572
MinimumVisualStudioVersion = 10.0.40219.1
Project("{FAE04EC0-301F-11D3-BF4B-00C04F79EFBC}") = "MartialArtsWebApp", "MartialArtsWebApp\MartialArtsWebApp.csproj", "{BBBA25F6-C20D-4B9C-9FAA-763932C6CDC5}"
EndProject
Global
	GlobalSection(SolutionConfigurationPlatforms) = preSolution
		Debug|Any CPU = Debug|Any CPU
		Release|Any CPU = Release|Any CPU
	EndGlobalSection
	GlobalSection(ProjectConfigurationPlatforms) = postSolution
		{BBBA25F6-C20D-4B9C-9FAA-763932C6CDC5}.Debug|Any CPU.ActiveCfg = Debug|Any CPU
		{BBBA25F6-C20D-4B9C-9FAA-763932C6CDC5}.Debug|Any CPU.Build.0 = Debug|Any CPU
		{BBBA25F6-C20D-4B9C-9FAA-763932C6CDC5}.Release|Any CPU.ActiveCfg = Release|Any CPU
		{BBBA25F6-C20D-4B9C-9FAA-763932C6CDC5}.Release|Any CPU.Build.0 = Release|Any CPU
	EndGlobalSection
	GlobalSection(SolutionProperties) = preSolution
		HideSolutionNode = FALSE
	EndGlobalSection
	GlobalSection(ExtensibilityGlobals) = postSolution
		SolutionGuid = {09BE8A58-9DCE-407B-B80B-2F8B2EBA1707}
	EndGlobalSection
EndGlobal
